
Microsoft Visual Studio Solution File, Format Version 12.00
# Visual Studio 15
VisualStudioVersion = 15.0.27703.2035
MinimumVisualStudioVersion = 10.0.40219.1
Project("{9A19103F-16F7-4668-BE54-9A1E7A4F7556}") = "Uptime.Auction.Web", "Uptime.Auction.Web\Uptime.Auction.Web.csproj", "{6170072A-44CB-485F-80DD-0B60AFEB3C5F}"
EndProject
Project("{FAE04EC0-301F-11D3-BF4B-00C04F79EFBC}") = "Uptime.Auction.Terminal", "Uptime.Auction.Terminal\Uptime.Auction.Terminal.csproj", "{B825D06A-4D86-428C-8091-D1BF307D708F}"
EndProject
Project("{FAE04EC0-301F-11D3-BF4B-00C04F79EFBC}") = "Uptime.Auction.Core", "Uptime.Auction.Core\Uptime.Auction.Core.csproj", "{8348E6BD-72D1-4091-81C2-56D1EE544E62}"
EndProject
Project("{FAE04EC0-301F-11D3-BF4B-00C04F79EFBC}") = "Uptime.Auction.Core.Test", "Uptime.Auction.Core.Test\Uptime.Auction.Core.Test.csproj", "{66C1CE6D-0797-4F5B-8960-BE582B9BAB7E}"
EndProject
Global
	GlobalSection(SolutionConfigurationPlatforms) = preSolution
		Debug|Any CPU = Debug|Any CPU
		Release|Any CPU = Release|Any CPU
	EndGlobalSection
	GlobalSection(ProjectConfigurationPlatforms) = postSolution
		{6170072A-44CB-485F-80DD-0B60AFEB3C5F}.Debug|Any CPU.ActiveCfg = Debug|Any CPU
		{6170072A-44CB-485F-80DD-0B60AFEB3C5F}.Debug|Any CPU.Build.0 = Debug|Any CPU
		{6170072A-44CB-485F-80DD-0B60AFEB3C5F}.Release|Any CPU.ActiveCfg = Release|Any CPU
		{6170072A-44CB-485F-80DD-0B60AFEB3C5F}.Release|Any CPU.Build.0 = Release|Any CPU
		{B825D06A-4D86-428C-8091-D1BF307D708F}.Debug|Any CPU.ActiveCfg = Debug|Any CPU
		{B825D06A-4D86-428C-8091-D1BF307D708F}.Debug|Any CPU.Build.0 = Debug|Any CPU
		{B825D06A-4D86-428C-8091-D1BF307D708F}.Release|Any CPU.ActiveCfg = Release|Any CPU
		{B825D06A-4D86-428C-8091-D1BF307D708F}.Release|Any CPU.Build.0 = Release|Any CPU
		{8348E6BD-72D1-4091-81C2-56D1EE544E62}.Debug|Any CPU.ActiveCfg = Debug|Any CPU
		{8348E6BD-72D1-4091-81C2-56D1EE544E62}.Debug|Any CPU.Build.0 = Debug|Any CPU
		{8348E6BD-72D1-4091-81C2-56D1EE544E62}.Release|Any CPU.ActiveCfg = Release|Any CPU
		{8348E6BD-72D1-4091-81C2-56D1EE544E62}.Release|Any CPU.Build.0 = Release|Any CPU
		{66C1CE6D-0797-4F5B-8960-BE582B9BAB7E}.Debug|Any CPU.ActiveCfg = Debug|Any CPU
		{66C1CE6D-0797-4F5B-8960-BE582B9BAB7E}.Debug|Any CPU.Build.0 = Debug|Any CPU
		{66C1CE6D-0797-4F5B-8960-BE582B9BAB7E}.Release|Any CPU.ActiveCfg = Release|Any CPU
		{66C1CE6D-0797-4F5B-8960-BE582B9BAB7E}.Release|Any CPU.Build.0 = Release|Any CPU
	EndGlobalSection
	GlobalSection(SolutionProperties) = preSolution
		HideSolutionNode = FALSE
	EndGlobalSection
	GlobalSection(ExtensibilityGlobals) = postSolution
		SolutionGuid = {5F67B73A-6F52-470F-9DE9-EEB424D85085}
	EndGlobalSection
EndGlobal
