
Microsoft Visual Studio Solution File, Format Version 12.00
# Visual Studio 15
VisualStudioVersion = 15.0.27703.2035
MinimumVisualStudioVersion = 10.0.40219.1
Project("{9A19103F-16F7-4668-BE54-9A1E7A4F7556}") = "Uptime.Auction.Web", "Uptime.Auction.Web\Uptime.Auction.Web.csproj", "{6170072A-44CB-485F-80DD-0B60AFEB3C5F}"
EndProject
Global
	GlobalSection(SolutionConfigurationPlatforms) = preSolution
		Debug|Any CPU = Debug|Any CPU
		Release|Any CPU = Release|Any CPU
	EndGlobalSection
	GlobalSection(ProjectConfigurationPlatforms) = postSolution
		{6170072A-44CB-485F-80DD-0B60AFEB3C5F}.Debug|Any CPU.ActiveCfg = Debug|Any CPU
		{6170072A-44CB-485F-80DD-0B60AFEB3C5F}.Debug|Any CPU.Build.0 = Debug|Any CPU
		{6170072A-44CB-485F-80DD-0B60AFEB3C5F}.Release|Any CPU.ActiveCfg = Release|Any CPU
		{6170072A-44CB-485F-80DD-0B60AFEB3C5F}.Release|Any CPU.Build.0 = Release|Any CPU
	EndGlobalSection
	GlobalSection(SolutionProperties) = preSolution
		HideSolutionNode = FALSE
	EndGlobalSection
	GlobalSection(ExtensibilityGlobals) = postSolution
		SolutionGuid = {5F67B73A-6F52-470F-9DE9-EEB424D85085}
	EndGlobalSection
EndGlobal
